// !$*UTF8*$!
{
	archiveVersion = 1;
	classes = {
	};
	objectVersion = 56;
	objects = {

/* Begin PBXBuildFile section */
		002F99082CE4E1EA00602A86 /* AppDelegate.swift in Sources */ = {isa = PBXBuildFile; fileRef = 002F99072CE4E1EA00602A86 /* AppDelegate.swift */; };
		002F990A2CE4E1EA00602A86 /* SceneDelegate.swift in Sources */ = {isa = PBXBuildFile; fileRef = 002F99092CE4E1EA00602A86 /* SceneDelegate.swift */; };
		002F990C2CE4E1EA00602A86 /* HomeViewController.swift in Sources */ = {isa = PBXBuildFile; fileRef = 002F990B2CE4E1EA00602A86 /* HomeViewController.swift */; };
		002F990F2CE4E1EA00602A86 /* Main.storyboard in Resources */ = {isa = PBXBuildFile; fileRef = 002F990D2CE4E1EA00602A86 /* Main.storyboard */; };
		002F99112CE4E1EC00602A86 /* Assets.xcassets in Resources */ = {isa = PBXBuildFile; fileRef = 002F99102CE4E1EC00602A86 /* Assets.xcassets */; };
		002F99142CE4E1EC00602A86 /* LaunchScreen.storyboard in Resources */ = {isa = PBXBuildFile; fileRef = 002F99122CE4E1EC00602A86 /* LaunchScreen.storyboard */; };
		002F991D2CE4E29700602A86 /* GoogleService-Info.plist in Resources */ = {isa = PBXBuildFile; fileRef = 002F991C2CE4E29700602A86 /* GoogleService-Info.plist */; };
		002F99202CE4E35C00602A86 /* FirebaseAnalytics in Frameworks */ = {isa = PBXBuildFile; productRef = 002F991F2CE4E35C00602A86 /* FirebaseAnalytics */; };
		002F99222CE4E35C00602A86 /* FirebaseAnalyticsOnDeviceConversion in Frameworks */ = {isa = PBXBuildFile; productRef = 002F99212CE4E35C00602A86 /* FirebaseAnalyticsOnDeviceConversion */; };
		002F99242CE4E35C00602A86 /* FirebaseAnalyticsWithoutAdIdSupport in Frameworks */ = {isa = PBXBuildFile; productRef = 002F99232CE4E35C00602A86 /* FirebaseAnalyticsWithoutAdIdSupport */; };
		002F99262CE4E35C00602A86 /* FirebaseAppCheck in Frameworks */ = {isa = PBXBuildFile; productRef = 002F99252CE4E35C00602A86 /* FirebaseAppCheck */; };
		002F99282CE4E35C00602A86 /* FirebaseAppDistribution-Beta in Frameworks */ = {isa = PBXBuildFile; productRef = 002F99272CE4E35C00602A86 /* FirebaseAppDistribution-Beta */; };
		002F992A2CE4E35C00602A86 /* FirebaseAuth in Frameworks */ = {isa = PBXBuildFile; productRef = 002F99292CE4E35C00602A86 /* FirebaseAuth */; };
		002F992C2CE4E35C00602A86 /* FirebaseAuthCombine-Community in Frameworks */ = {isa = PBXBuildFile; productRef = 002F992B2CE4E35C00602A86 /* FirebaseAuthCombine-Community */; };
		002F992E2CE4E35C00602A86 /* FirebaseCore in Frameworks */ = {isa = PBXBuildFile; productRef = 002F992D2CE4E35C00602A86 /* FirebaseCore */; };
		002F99302CE4E35C00602A86 /* FirebaseCrashlytics in Frameworks */ = {isa = PBXBuildFile; productRef = 002F992F2CE4E35C00602A86 /* FirebaseCrashlytics */; };
		002F99322CE4E35C00602A86 /* FirebaseDatabase in Frameworks */ = {isa = PBXBuildFile; productRef = 002F99312CE4E35C00602A86 /* FirebaseDatabase */; };
		002F99342CE4E35C00602A86 /* FirebaseDynamicLinks in Frameworks */ = {isa = PBXBuildFile; productRef = 002F99332CE4E35C00602A86 /* FirebaseDynamicLinks */; };
		002F99362CE4E35C00602A86 /* FirebaseFunctionsCombine-Community in Frameworks */ = {isa = PBXBuildFile; productRef = 002F99352CE4E35C00602A86 /* FirebaseFunctionsCombine-Community */; };
		002F99382CE4E35C00602A86 /* FirebaseInAppMessaging-Beta in Frameworks */ = {isa = PBXBuildFile; productRef = 002F99372CE4E35C00602A86 /* FirebaseInAppMessaging-Beta */; };
		002F993A2CE4E35C00602A86 /* FirebaseInstallations in Frameworks */ = {isa = PBXBuildFile; productRef = 002F99392CE4E35C00602A86 /* FirebaseInstallations */; };
		002F993C2CE4E35C00602A86 /* FirebaseMLModelDownloader in Frameworks */ = {isa = PBXBuildFile; productRef = 002F993B2CE4E35C00602A86 /* FirebaseMLModelDownloader */; };
		002F993E2CE4E35C00602A86 /* FirebaseMessaging in Frameworks */ = {isa = PBXBuildFile; productRef = 002F993D2CE4E35C00602A86 /* FirebaseMessaging */; };
		002F99402CE4E35C00602A86 /* FirebasePerformance in Frameworks */ = {isa = PBXBuildFile; productRef = 002F993F2CE4E35C00602A86 /* FirebasePerformance */; };
		002F99422CE4E35C00602A86 /* FirebaseRemoteConfig in Frameworks */ = {isa = PBXBuildFile; productRef = 002F99412CE4E35C00602A86 /* FirebaseRemoteConfig */; };
		002F99442CE4E35C00602A86 /* FirebaseStorage in Frameworks */ = {isa = PBXBuildFile; productRef = 002F99432CE4E35C00602A86 /* FirebaseStorage */; };
		002F99462CE4E35C00602A86 /* FirebaseStorageCombine-Community in Frameworks */ = {isa = PBXBuildFile; productRef = 002F99452CE4E35C00602A86 /* FirebaseStorageCombine-Community */; };
		002F99482CE4E35C00602A86 /* FirebaseVertexAI in Frameworks */ = {isa = PBXBuildFile; productRef = 002F99472CE4E35C00602A86 /* FirebaseVertexAI */; };
		002F994B2CE4E3F000602A86 /* MainScreenView.swift in Sources */ = {isa = PBXBuildFile; fileRef = 002F994A2CE4E3F000602A86 /* MainScreenView.swift */; };
		002F994D2CE4E45B00602A86 /* NotesTableViewCell.swift in Sources */ = {isa = PBXBuildFile; fileRef = 002F994C2CE4E45B00602A86 /* NotesTableViewCell.swift */; };
		002F994F2CE4E49500602A86 /* Configs.swift in Sources */ = {isa = PBXBuildFile; fileRef = 002F994E2CE4E49500602A86 /* Configs.swift */; };
		002F99522CE4E4EA00602A86 /* Note.swift in Sources */ = {isa = PBXBuildFile; fileRef = 002F99512CE4E4EA00602A86 /* Note.swift */; };
		002F99542CE4E5E600602A86 /* NotesTableViewManager.swift in Sources */ = {isa = PBXBuildFile; fileRef = 002F99532CE4E5E500602A86 /* NotesTableViewManager.swift */; };
		002F99562CE4EB5900602A86 /* RightBarButtonManager.swift in Sources */ = {isa = PBXBuildFile; fileRef = 002F99552CE4EB5900602A86 /* RightBarButtonManager.swift */; };
		002F99592CE4EE4900602A86 /* RegisterScreenView.swift in Sources */ = {isa = PBXBuildFile; fileRef = 002F99582CE4EE4900602A86 /* RegisterScreenView.swift */; };
		002F995B2CE4EECC00602A86 /* RegisterViewController.swift in Sources */ = {isa = PBXBuildFile; fileRef = 002F995A2CE4EECC00602A86 /* RegisterViewController.swift */; };
		002F995D2CE4EF0F00602A86 /* RegisterFirebaseManager.swift in Sources */ = {isa = PBXBuildFile; fileRef = 002F995C2CE4EF0F00602A86 /* RegisterFirebaseManager.swift */; };
		002F99612CE4F0D600602A86 /* ProgressIndicatorManager.swift in Sources */ = {isa = PBXBuildFile; fileRef = 002F99602CE4F0D600602A86 /* ProgressIndicatorManager.swift */; };
		002F996C2CE4F2C700602A86 /* ProgressSpinnerViewController.swift in Sources */ = {isa = PBXBuildFile; fileRef = 002F996B2CE4F2C700602A86 /* ProgressSpinnerViewController.swift */; };
		002F996E2CE4F2E000602A86 /* ProgressSpinnerDelegate.swift in Sources */ = {isa = PBXBuildFile; fileRef = 002F996D2CE4F2E000602A86 /* ProgressSpinnerDelegate.swift */; };
		002F99702CE4F48F00602A86 /* FirebaseAnalytics in Frameworks */ = {isa = PBXBuildFile; productRef = 002F996F2CE4F48F00602A86 /* FirebaseAnalytics */; };
		002F99722CE4F48F00602A86 /* FirebaseAnalyticsOnDeviceConversion in Frameworks */ = {isa = PBXBuildFile; productRef = 002F99712CE4F48F00602A86 /* FirebaseAnalyticsOnDeviceConversion */; };
		002F99742CE4F48F00602A86 /* FirebaseAnalyticsWithoutAdIdSupport in Frameworks */ = {isa = PBXBuildFile; productRef = 002F99732CE4F48F00602A86 /* FirebaseAnalyticsWithoutAdIdSupport */; };
		002F99762CE4F48F00602A86 /* FirebaseAppCheck in Frameworks */ = {isa = PBXBuildFile; productRef = 002F99752CE4F48F00602A86 /* FirebaseAppCheck */; };
		002F99782CE4F48F00602A86 /* FirebaseAppDistribution-Beta in Frameworks */ = {isa = PBXBuildFile; productRef = 002F99772CE4F48F00602A86 /* FirebaseAppDistribution-Beta */; };
		002F997A2CE4F48F00602A86 /* FirebaseAuth in Frameworks */ = {isa = PBXBuildFile; productRef = 002F99792CE4F48F00602A86 /* FirebaseAuth */; };
		002F997C2CE4F48F00602A86 /* FirebaseAuthCombine-Community in Frameworks */ = {isa = PBXBuildFile; productRef = 002F997B2CE4F48F00602A86 /* FirebaseAuthCombine-Community */; };
		002F997E2CE4F48F00602A86 /* FirebaseCore in Frameworks */ = {isa = PBXBuildFile; productRef = 002F997D2CE4F48F00602A86 /* FirebaseCore */; };
		002F99802CE4F48F00602A86 /* FirebaseCrashlytics in Frameworks */ = {isa = PBXBuildFile; productRef = 002F997F2CE4F48F00602A86 /* FirebaseCrashlytics */; };
		002F99822CE4F48F00602A86 /* FirebaseDatabase in Frameworks */ = {isa = PBXBuildFile; productRef = 002F99812CE4F48F00602A86 /* FirebaseDatabase */; };
		002F99842CE4F48F00602A86 /* FirebaseDynamicLinks in Frameworks */ = {isa = PBXBuildFile; productRef = 002F99832CE4F48F00602A86 /* FirebaseDynamicLinks */; };
		002F99862CE4F48F00602A86 /* FirebaseFirestore in Frameworks */ = {isa = PBXBuildFile; productRef = 002F99852CE4F48F00602A86 /* FirebaseFirestore */; };
		002F99882CE4F48F00602A86 /* FirebaseFirestoreCombine-Community in Frameworks */ = {isa = PBXBuildFile; productRef = 002F99872CE4F48F00602A86 /* FirebaseFirestoreCombine-Community */; };
		002F998A2CE4F48F00602A86 /* FirebaseFunctions in Frameworks */ = {isa = PBXBuildFile; productRef = 002F99892CE4F48F00602A86 /* FirebaseFunctions */; };
		002F998C2CE4F48F00602A86 /* FirebaseFunctionsCombine-Community in Frameworks */ = {isa = PBXBuildFile; productRef = 002F998B2CE4F48F00602A86 /* FirebaseFunctionsCombine-Community */; };
		002F998E2CE4F48F00602A86 /* FirebaseInAppMessaging-Beta in Frameworks */ = {isa = PBXBuildFile; productRef = 002F998D2CE4F48F00602A86 /* FirebaseInAppMessaging-Beta */; };
		002F99902CE4F48F00602A86 /* FirebaseInstallations in Frameworks */ = {isa = PBXBuildFile; productRef = 002F998F2CE4F48F00602A86 /* FirebaseInstallations */; };
		002F99922CE4F48F00602A86 /* FirebaseMLModelDownloader in Frameworks */ = {isa = PBXBuildFile; productRef = 002F99912CE4F48F00602A86 /* FirebaseMLModelDownloader */; };
		002F99942CE4F48F00602A86 /* FirebaseMessaging in Frameworks */ = {isa = PBXBuildFile; productRef = 002F99932CE4F48F00602A86 /* FirebaseMessaging */; };
		002F99962CE4F48F00602A86 /* FirebasePerformance in Frameworks */ = {isa = PBXBuildFile; productRef = 002F99952CE4F48F00602A86 /* FirebasePerformance */; };
		002F99982CE4F48F00602A86 /* FirebaseRemoteConfig in Frameworks */ = {isa = PBXBuildFile; productRef = 002F99972CE4F48F00602A86 /* FirebaseRemoteConfig */; };
		002F999A2CE4F49000602A86 /* FirebaseStorage in Frameworks */ = {isa = PBXBuildFile; productRef = 002F99992CE4F49000602A86 /* FirebaseStorage */; };
		002F999C2CE4F49000602A86 /* FirebaseStorageCombine-Community in Frameworks */ = {isa = PBXBuildFile; productRef = 002F999B2CE4F49000602A86 /* FirebaseStorageCombine-Community */; };
		002F999E2CE4F49000602A86 /* FirebaseVertexAI in Frameworks */ = {isa = PBXBuildFile; productRef = 002F999D2CE4F49000602A86 /* FirebaseVertexAI */; };
		002F99A12CE4F9EE00602A86 /* ManageFriendsViewController.swift in Sources */ = {isa = PBXBuildFile; fileRef = 002F99A02CE4F9EE00602A86 /* ManageFriendsViewController.swift */; };
		002F99A62CE5003600602A86 /* ProfileViewController.swift in Sources */ = {isa = PBXBuildFile; fileRef = 002F99A52CE5003600602A86 /* ProfileViewController.swift */; };
		002F99A82CE5004500602A86 /* AddNoteViewController.swift in Sources */ = {isa = PBXBuildFile; fileRef = 002F99A72CE5004500602A86 /* AddNoteViewController.swift */; };
		002F99AA2CE5005600602A86 /* User.swift in Sources */ = {isa = PBXBuildFile; fileRef = 002F99A92CE5005600602A86 /* User.swift */; };
		002F99AC2CE50B0200602A86 /* TabBarManager.swift in Sources */ = {isa = PBXBuildFile; fileRef = 002F99AB2CE50B0200602A86 /* TabBarManager.swift */; };
		002F99AF2CE51A9700602A86 /* FriendScreenView.swift in Sources */ = {isa = PBXBuildFile; fileRef = 002F99AE2CE51A9700602A86 /* FriendScreenView.swift */; };
		002F99B12CE51B2300602A86 /* FriendTableViewCell.swift in Sources */ = {isa = PBXBuildFile; fileRef = 002F99B02CE51B2300602A86 /* FriendTableViewCell.swift */; };
		002F99B32CE51D5F00602A86 /* FriendTableViewManager.swift in Sources */ = {isa = PBXBuildFile; fileRef = 002F99B22CE51D5F00602A86 /* FriendTableViewManager.swift */; };
		002F99B52CE53DFC00602A86 /* ViewController.swift in Sources */ = {isa = PBXBuildFile; fileRef = 002F99B42CE53DFC00602A86 /* ViewController.swift */; };
		002F99B72CE548EE00602A86 /* Constants.swift in Sources */ = {isa = PBXBuildFile; fileRef = 002F99B62CE548EE00602A86 /* Constants.swift */; };
		002F99B92CE5ABD400602A86 /* ProfileScreenView.swift in Sources */ = {isa = PBXBuildFile; fileRef = 002F99B82CE5ABD400602A86 /* ProfileScreenView.swift */; };
		00C7E1692CEE38BA00A44A83 /* ProfileTableViewCell.swift in Sources */ = {isa = PBXBuildFile; fileRef = 00C7E1682CEE38BA00A44A83 /* ProfileTableViewCell.swift */; };
/* End PBXBuildFile section */

/* Begin PBXFileReference section */
		002F99042CE4E1EA00602A86 /* BeNote.app */ = {isa = PBXFileReference; explicitFileType = wrapper.application; includeInIndex = 0; path = BeNote.app; sourceTree = BUILT_PRODUCTS_DIR; };
		002F99072CE4E1EA00602A86 /* AppDelegate.swift */ = {isa = PBXFileReference; lastKnownFileType = sourcecode.swift; path = AppDelegate.swift; sourceTree = "<group>"; };
		002F99092CE4E1EA00602A86 /* SceneDelegate.swift */ = {isa = PBXFileReference; lastKnownFileType = sourcecode.swift; path = SceneDelegate.swift; sourceTree = "<group>"; };
		002F990B2CE4E1EA00602A86 /* HomeViewController.swift */ = {isa = PBXFileReference; lastKnownFileType = sourcecode.swift; path = HomeViewController.swift; sourceTree = "<group>"; };
		002F990E2CE4E1EA00602A86 /* Base */ = {isa = PBXFileReference; lastKnownFileType = file.storyboard; name = Base; path = Base.lproj/Main.storyboard; sourceTree = "<group>"; };
		002F99102CE4E1EC00602A86 /* Assets.xcassets */ = {isa = PBXFileReference; lastKnownFileType = folder.assetcatalog; path = Assets.xcassets; sourceTree = "<group>"; };
		002F99132CE4E1EC00602A86 /* Base */ = {isa = PBXFileReference; lastKnownFileType = file.storyboard; name = Base; path = Base.lproj/LaunchScreen.storyboard; sourceTree = "<group>"; };
		002F99152CE4E1EC00602A86 /* Info.plist */ = {isa = PBXFileReference; lastKnownFileType = text.plist.xml; path = Info.plist; sourceTree = "<group>"; };
		002F991C2CE4E29700602A86 /* GoogleService-Info.plist */ = {isa = PBXFileReference; fileEncoding = 4; lastKnownFileType = text.plist.xml; path = "GoogleService-Info.plist"; sourceTree = "<group>"; };
		002F994A2CE4E3F000602A86 /* MainScreenView.swift */ = {isa = PBXFileReference; lastKnownFileType = sourcecode.swift; path = MainScreenView.swift; sourceTree = "<group>"; };
		002F994C2CE4E45B00602A86 /* NotesTableViewCell.swift */ = {isa = PBXFileReference; lastKnownFileType = sourcecode.swift; path = NotesTableViewCell.swift; sourceTree = "<group>"; };
		002F994E2CE4E49500602A86 /* Configs.swift */ = {isa = PBXFileReference; lastKnownFileType = sourcecode.swift; path = Configs.swift; sourceTree = "<group>"; };
		002F99512CE4E4EA00602A86 /* Note.swift */ = {isa = PBXFileReference; lastKnownFileType = sourcecode.swift; path = Note.swift; sourceTree = "<group>"; };
		002F99532CE4E5E500602A86 /* NotesTableViewManager.swift */ = {isa = PBXFileReference; lastKnownFileType = sourcecode.swift; path = NotesTableViewManager.swift; sourceTree = "<group>"; };
		002F99552CE4EB5900602A86 /* RightBarButtonManager.swift */ = {isa = PBXFileReference; lastKnownFileType = sourcecode.swift; path = RightBarButtonManager.swift; sourceTree = "<group>"; };
		002F99582CE4EE4900602A86 /* RegisterScreenView.swift */ = {isa = PBXFileReference; lastKnownFileType = sourcecode.swift; path = RegisterScreenView.swift; sourceTree = "<group>"; };
		002F995A2CE4EECC00602A86 /* RegisterViewController.swift */ = {isa = PBXFileReference; lastKnownFileType = sourcecode.swift; path = RegisterViewController.swift; sourceTree = "<group>"; };
		002F995C2CE4EF0F00602A86 /* RegisterFirebaseManager.swift */ = {isa = PBXFileReference; lastKnownFileType = sourcecode.swift; path = RegisterFirebaseManager.swift; sourceTree = "<group>"; };
		002F99602CE4F0D600602A86 /* ProgressIndicatorManager.swift */ = {isa = PBXFileReference; lastKnownFileType = sourcecode.swift; path = ProgressIndicatorManager.swift; sourceTree = "<group>"; };
		002F996B2CE4F2C700602A86 /* ProgressSpinnerViewController.swift */ = {isa = PBXFileReference; lastKnownFileType = sourcecode.swift; path = ProgressSpinnerViewController.swift; sourceTree = "<group>"; };
		002F996D2CE4F2E000602A86 /* ProgressSpinnerDelegate.swift */ = {isa = PBXFileReference; lastKnownFileType = sourcecode.swift; path = ProgressSpinnerDelegate.swift; sourceTree = "<group>"; };
		002F99A02CE4F9EE00602A86 /* ManageFriendsViewController.swift */ = {isa = PBXFileReference; lastKnownFileType = sourcecode.swift; path = ManageFriendsViewController.swift; sourceTree = "<group>"; };
		002F99A52CE5003600602A86 /* ProfileViewController.swift */ = {isa = PBXFileReference; lastKnownFileType = sourcecode.swift; path = ProfileViewController.swift; sourceTree = "<group>"; };
		002F99A72CE5004500602A86 /* AddNoteViewController.swift */ = {isa = PBXFileReference; lastKnownFileType = sourcecode.swift; path = AddNoteViewController.swift; sourceTree = "<group>"; };
		002F99A92CE5005600602A86 /* User.swift */ = {isa = PBXFileReference; lastKnownFileType = sourcecode.swift; path = User.swift; sourceTree = "<group>"; };
		002F99AB2CE50B0200602A86 /* TabBarManager.swift */ = {isa = PBXFileReference; lastKnownFileType = sourcecode.swift; path = TabBarManager.swift; sourceTree = "<group>"; };
		002F99AE2CE51A9700602A86 /* FriendScreenView.swift */ = {isa = PBXFileReference; lastKnownFileType = sourcecode.swift; path = FriendScreenView.swift; sourceTree = "<group>"; };
		002F99B02CE51B2300602A86 /* FriendTableViewCell.swift */ = {isa = PBXFileReference; lastKnownFileType = sourcecode.swift; path = FriendTableViewCell.swift; sourceTree = "<group>"; };
		002F99B22CE51D5F00602A86 /* FriendTableViewManager.swift */ = {isa = PBXFileReference; lastKnownFileType = sourcecode.swift; path = FriendTableViewManager.swift; sourceTree = "<group>"; };
		002F99B42CE53DFC00602A86 /* ViewController.swift */ = {isa = PBXFileReference; lastKnownFileType = sourcecode.swift; path = ViewController.swift; sourceTree = "<group>"; };
		002F99B62CE548EE00602A86 /* Constants.swift */ = {isa = PBXFileReference; lastKnownFileType = sourcecode.swift; path = Constants.swift; sourceTree = "<group>"; };
		002F99B82CE5ABD400602A86 /* ProfileScreenView.swift */ = {isa = PBXFileReference; lastKnownFileType = sourcecode.swift; path = ProfileScreenView.swift; sourceTree = "<group>"; };
		00C7E1682CEE38BA00A44A83 /* ProfileTableViewCell.swift */ = {isa = PBXFileReference; lastKnownFileType = sourcecode.swift; path = ProfileTableViewCell.swift; sourceTree = "<group>"; };
/* End PBXFileReference section */

/* Begin PBXFrameworksBuildPhase section */
		002F99012CE4E1EA00602A86 /* Frameworks */ = {
			isa = PBXFrameworksBuildPhase;
			buildActionMask = 2147483647;
			files = (
				002F993E2CE4E35C00602A86 /* FirebaseMessaging in Frameworks */,
				002F99382CE4E35C00602A86 /* FirebaseInAppMessaging-Beta in Frameworks */,
				002F999A2CE4F49000602A86 /* FirebaseStorage in Frameworks */,
				002F99462CE4E35C00602A86 /* FirebaseStorageCombine-Community in Frameworks */,
				002F99982CE4F48F00602A86 /* FirebaseRemoteConfig in Frameworks */,
				002F99782CE4F48F00602A86 /* FirebaseAppDistribution-Beta in Frameworks */,
				002F993A2CE4E35C00602A86 /* FirebaseInstallations in Frameworks */,
				002F99482CE4E35C00602A86 /* FirebaseVertexAI in Frameworks */,
				002F99822CE4F48F00602A86 /* FirebaseDatabase in Frameworks */,
				002F99322CE4E35C00602A86 /* FirebaseDatabase in Frameworks */,
				002F99702CE4F48F00602A86 /* FirebaseAnalytics in Frameworks */,
				002F99742CE4F48F00602A86 /* FirebaseAnalyticsWithoutAdIdSupport in Frameworks */,
				002F99762CE4F48F00602A86 /* FirebaseAppCheck in Frameworks */,
				002F998C2CE4F48F00602A86 /* FirebaseFunctionsCombine-Community in Frameworks */,
				002F99882CE4F48F00602A86 /* FirebaseFirestoreCombine-Community in Frameworks */,
				002F997E2CE4F48F00602A86 /* FirebaseCore in Frameworks */,
				002F99342CE4E35C00602A86 /* FirebaseDynamicLinks in Frameworks */,
				002F99262CE4E35C00602A86 /* FirebaseAppCheck in Frameworks */,
				002F992A2CE4E35C00602A86 /* FirebaseAuth in Frameworks */,
				002F99202CE4E35C00602A86 /* FirebaseAnalytics in Frameworks */,
				002F99962CE4F48F00602A86 /* FirebasePerformance in Frameworks */,
				002F998E2CE4F48F00602A86 /* FirebaseInAppMessaging-Beta in Frameworks */,
				002F999E2CE4F49000602A86 /* FirebaseVertexAI in Frameworks */,
				002F999C2CE4F49000602A86 /* FirebaseStorageCombine-Community in Frameworks */,
				002F99282CE4E35C00602A86 /* FirebaseAppDistribution-Beta in Frameworks */,
				002F99442CE4E35C00602A86 /* FirebaseStorage in Frameworks */,
				002F99422CE4E35C00602A86 /* FirebaseRemoteConfig in Frameworks */,
				002F99402CE4E35C00602A86 /* FirebasePerformance in Frameworks */,
				002F99862CE4F48F00602A86 /* FirebaseFirestore in Frameworks */,
				002F99922CE4F48F00602A86 /* FirebaseMLModelDownloader in Frameworks */,
				002F998A2CE4F48F00602A86 /* FirebaseFunctions in Frameworks */,
				002F99242CE4E35C00602A86 /* FirebaseAnalyticsWithoutAdIdSupport in Frameworks */,
				002F997C2CE4F48F00602A86 /* FirebaseAuthCombine-Community in Frameworks */,
				002F99902CE4F48F00602A86 /* FirebaseInstallations in Frameworks */,
				002F992C2CE4E35C00602A86 /* FirebaseAuthCombine-Community in Frameworks */,
				002F99722CE4F48F00602A86 /* FirebaseAnalyticsOnDeviceConversion in Frameworks */,
				002F99302CE4E35C00602A86 /* FirebaseCrashlytics in Frameworks */,
				002F99942CE4F48F00602A86 /* FirebaseMessaging in Frameworks */,
				002F997A2CE4F48F00602A86 /* FirebaseAuth in Frameworks */,
				002F992E2CE4E35C00602A86 /* FirebaseCore in Frameworks */,
				002F99842CE4F48F00602A86 /* FirebaseDynamicLinks in Frameworks */,
				002F993C2CE4E35C00602A86 /* FirebaseMLModelDownloader in Frameworks */,
				002F99802CE4F48F00602A86 /* FirebaseCrashlytics in Frameworks */,
				002F99222CE4E35C00602A86 /* FirebaseAnalyticsOnDeviceConversion in Frameworks */,
				002F99362CE4E35C00602A86 /* FirebaseFunctionsCombine-Community in Frameworks */,
			);
			runOnlyForDeploymentPostprocessing = 0;
		};
/* End PBXFrameworksBuildPhase section */

/* Begin PBXGroup section */
		002F98FB2CE4E1EA00602A86 = {
			isa = PBXGroup;
			children = (
				002F99062CE4E1EA00602A86 /* BeNote */,
				002F99052CE4E1EA00602A86 /* Products */,
			);
			sourceTree = "<group>";
		};
		002F99052CE4E1EA00602A86 /* Products */ = {
			isa = PBXGroup;
			children = (
				002F99042CE4E1EA00602A86 /* BeNote.app */,
			);
			name = Products;
			sourceTree = "<group>";
		};
		002F99062CE4E1EA00602A86 /* BeNote */ = {
			isa = PBXGroup;
			children = (
				002F99622CE4F10800602A86 /* Progress Spinner */,
				002F99502CE4E4D300602A86 /* Data Models */,
				002F99A42CE4FFFC00602A86 /* Profile Tab */,
				002F99A32CE4FFF300602A86 /* Add Note Tab */,
				002F99A22CE4FFDF00602A86 /* Home Tab */,
				002F999F2CE4F9D200602A86 /* Manage Friends Tab */,
				002F99072CE4E1EA00602A86 /* AppDelegate.swift */,
				002F99092CE4E1EA00602A86 /* SceneDelegate.swift */,
				002F990D2CE4E1EA00602A86 /* Main.storyboard */,
				002F99102CE4E1EC00602A86 /* Assets.xcassets */,
				002F99122CE4E1EC00602A86 /* LaunchScreen.storyboard */,
				002F99152CE4E1EC00602A86 /* Info.plist */,
				002F991C2CE4E29700602A86 /* GoogleService-Info.plist */,
				002F994E2CE4E49500602A86 /* Configs.swift */,
				002F99B42CE53DFC00602A86 /* ViewController.swift */,
				002F99B62CE548EE00602A86 /* Constants.swift */,
			);
			path = BeNote;
			sourceTree = "<group>";
		};
		002F991B2CE4E20F00602A86 /* Main Screen */ = {
			isa = PBXGroup;
			children = (
				002F990B2CE4E1EA00602A86 /* HomeViewController.swift */,
				002F99492CE4E3E100602A86 /* Views */,
				002F99532CE4E5E500602A86 /* NotesTableViewManager.swift */,
				002F99552CE4EB5900602A86 /* RightBarButtonManager.swift */,
				002F99AB2CE50B0200602A86 /* TabBarManager.swift */,
			);
			path = "Main Screen";
			sourceTree = "<group>";
		};
		002F99492CE4E3E100602A86 /* Views */ = {
			isa = PBXGroup;
			children = (
				002F994A2CE4E3F000602A86 /* MainScreenView.swift */,
				002F994C2CE4E45B00602A86 /* NotesTableViewCell.swift */,
			);
			path = Views;
			sourceTree = "<group>";
		};
		002F99502CE4E4D300602A86 /* Data Models */ = {
			isa = PBXGroup;
			children = (
				002F99512CE4E4EA00602A86 /* Note.swift */,
				002F99A92CE5005600602A86 /* User.swift */,
			);
			path = "Data Models";
			sourceTree = "<group>";
		};
		002F99572CE4EE2200602A86 /* Register Screen */ = {
			isa = PBXGroup;
			children = (
				002F99582CE4EE4900602A86 /* RegisterScreenView.swift */,
				002F995A2CE4EECC00602A86 /* RegisterViewController.swift */,
				002F995C2CE4EF0F00602A86 /* RegisterFirebaseManager.swift */,
			);
			path = "Register Screen";
			sourceTree = "<group>";
		};
		002F99622CE4F10800602A86 /* Progress Spinner */ = {
			isa = PBXGroup;
			children = (
				002F996B2CE4F2C700602A86 /* ProgressSpinnerViewController.swift */,
				002F996D2CE4F2E000602A86 /* ProgressSpinnerDelegate.swift */,
				002F99602CE4F0D600602A86 /* ProgressIndicatorManager.swift */,
			);
			path = "Progress Spinner";
			sourceTree = "<group>";
		};
		002F999F2CE4F9D200602A86 /* Manage Friends Tab */ = {
			isa = PBXGroup;
			children = (
				002F99AD2CE519EB00602A86 /* Views */,
				002F99A02CE4F9EE00602A86 /* ManageFriendsViewController.swift */,
				002F99B22CE51D5F00602A86 /* FriendTableViewManager.swift */,
			);
			path = "Manage Friends Tab";
			sourceTree = "<group>";
		};
		002F99A22CE4FFDF00602A86 /* Home Tab */ = {
			isa = PBXGroup;
			children = (
				002F99572CE4EE2200602A86 /* Register Screen */,
				002F991B2CE4E20F00602A86 /* Main Screen */,
			);
			path = "Home Tab";
			sourceTree = "<group>";
		};
		002F99A32CE4FFF300602A86 /* Add Note Tab */ = {
			isa = PBXGroup;
			children = (
				002F99A72CE5004500602A86 /* AddNoteViewController.swift */,
			);
			path = "Add Note Tab";
			sourceTree = "<group>";
		};
		002F99A42CE4FFFC00602A86 /* Profile Tab */ = {
			isa = PBXGroup;
			children = (
				002F99A52CE5003600602A86 /* ProfileViewController.swift */,
				002F99B82CE5ABD400602A86 /* ProfileScreenView.swift */,
				00C7E1682CEE38BA00A44A83 /* ProfileTableViewCell.swift */,
			);
			path = "Profile Tab";
			sourceTree = "<group>";
		};
		002F99AD2CE519EB00602A86 /* Views */ = {
			isa = PBXGroup;
			children = (
				002F99AE2CE51A9700602A86 /* FriendScreenView.swift */,
				002F99B02CE51B2300602A86 /* FriendTableViewCell.swift */,
			);
			path = Views;
			sourceTree = "<group>";
		};
/* End PBXGroup section */

/* Begin PBXNativeTarget section */
		002F99032CE4E1EA00602A86 /* BeNote */ = {
			isa = PBXNativeTarget;
			buildConfigurationList = 002F99182CE4E1EC00602A86 /* Build configuration list for PBXNativeTarget "BeNote" */;
			buildPhases = (
				002F99002CE4E1EA00602A86 /* Sources */,
				002F99012CE4E1EA00602A86 /* Frameworks */,
				002F99022CE4E1EA00602A86 /* Resources */,
			);
			buildRules = (
			);
			dependencies = (
			);
			name = BeNote;
			packageProductDependencies = (
				002F991F2CE4E35C00602A86 /* FirebaseAnalytics */,
				002F99212CE4E35C00602A86 /* FirebaseAnalyticsOnDeviceConversion */,
				002F99232CE4E35C00602A86 /* FirebaseAnalyticsWithoutAdIdSupport */,
				002F99252CE4E35C00602A86 /* FirebaseAppCheck */,
				002F99272CE4E35C00602A86 /* FirebaseAppDistribution-Beta */,
				002F99292CE4E35C00602A86 /* FirebaseAuth */,
				002F992B2CE4E35C00602A86 /* FirebaseAuthCombine-Community */,
				002F992D2CE4E35C00602A86 /* FirebaseCore */,
				002F992F2CE4E35C00602A86 /* FirebaseCrashlytics */,
				002F99312CE4E35C00602A86 /* FirebaseDatabase */,
				002F99332CE4E35C00602A86 /* FirebaseDynamicLinks */,
				002F99352CE4E35C00602A86 /* FirebaseFunctionsCombine-Community */,
				002F99372CE4E35C00602A86 /* FirebaseInAppMessaging-Beta */,
				002F99392CE4E35C00602A86 /* FirebaseInstallations */,
				002F993B2CE4E35C00602A86 /* FirebaseMLModelDownloader */,
				002F993D2CE4E35C00602A86 /* FirebaseMessaging */,
				002F993F2CE4E35C00602A86 /* FirebasePerformance */,
				002F99412CE4E35C00602A86 /* FirebaseRemoteConfig */,
				002F99432CE4E35C00602A86 /* FirebaseStorage */,
				002F99452CE4E35C00602A86 /* FirebaseStorageCombine-Community */,
				002F99472CE4E35C00602A86 /* FirebaseVertexAI */,
				002F996F2CE4F48F00602A86 /* FirebaseAnalytics */,
				002F99712CE4F48F00602A86 /* FirebaseAnalyticsOnDeviceConversion */,
				002F99732CE4F48F00602A86 /* FirebaseAnalyticsWithoutAdIdSupport */,
				002F99752CE4F48F00602A86 /* FirebaseAppCheck */,
				002F99772CE4F48F00602A86 /* FirebaseAppDistribution-Beta */,
				002F99792CE4F48F00602A86 /* FirebaseAuth */,
				002F997B2CE4F48F00602A86 /* FirebaseAuthCombine-Community */,
				002F997D2CE4F48F00602A86 /* FirebaseCore */,
				002F997F2CE4F48F00602A86 /* FirebaseCrashlytics */,
				002F99812CE4F48F00602A86 /* FirebaseDatabase */,
				002F99832CE4F48F00602A86 /* FirebaseDynamicLinks */,
				002F99852CE4F48F00602A86 /* FirebaseFirestore */,
				002F99872CE4F48F00602A86 /* FirebaseFirestoreCombine-Community */,
				002F99892CE4F48F00602A86 /* FirebaseFunctions */,
				002F998B2CE4F48F00602A86 /* FirebaseFunctionsCombine-Community */,
				002F998D2CE4F48F00602A86 /* FirebaseInAppMessaging-Beta */,
				002F998F2CE4F48F00602A86 /* FirebaseInstallations */,
				002F99912CE4F48F00602A86 /* FirebaseMLModelDownloader */,
				002F99932CE4F48F00602A86 /* FirebaseMessaging */,
				002F99952CE4F48F00602A86 /* FirebasePerformance */,
				002F99972CE4F48F00602A86 /* FirebaseRemoteConfig */,
				002F99992CE4F49000602A86 /* FirebaseStorage */,
				002F999B2CE4F49000602A86 /* FirebaseStorageCombine-Community */,
				002F999D2CE4F49000602A86 /* FirebaseVertexAI */,
			);
			productName = BeNote;
			productReference = 002F99042CE4E1EA00602A86 /* BeNote.app */;
			productType = "com.apple.product-type.application";
		};
/* End PBXNativeTarget section */

/* Begin PBXProject section */
		002F98FC2CE4E1EA00602A86 /* Project object */ = {
			isa = PBXProject;
			attributes = {
				BuildIndependentTargetsInParallel = 1;
				LastSwiftUpdateCheck = 1520;
				LastUpgradeCheck = 1520;
				TargetAttributes = {
					002F99032CE4E1EA00602A86 = {
						CreatedOnToolsVersion = 15.2;
					};
				};
			};
			buildConfigurationList = 002F98FF2CE4E1EA00602A86 /* Build configuration list for PBXProject "BeNote" */;
			compatibilityVersion = "Xcode 14.0";
			developmentRegion = en;
			hasScannedForEncodings = 0;
			knownRegions = (
				en,
				Base,
			);
			mainGroup = 002F98FB2CE4E1EA00602A86;
			packageReferences = (
				002F991E2CE4E35C00602A86 /* XCRemoteSwiftPackageReference "firebase-ios-sdk" */,
			);
			productRefGroup = 002F99052CE4E1EA00602A86 /* Products */;
			projectDirPath = "";
			projectRoot = "";
			targets = (
				002F99032CE4E1EA00602A86 /* BeNote */,
			);
		};
/* End PBXProject section */

/* Begin PBXResourcesBuildPhase section */
		002F99022CE4E1EA00602A86 /* Resources */ = {
			isa = PBXResourcesBuildPhase;
			buildActionMask = 2147483647;
			files = (
				002F99142CE4E1EC00602A86 /* LaunchScreen.storyboard in Resources */,
				002F99112CE4E1EC00602A86 /* Assets.xcassets in Resources */,
				002F991D2CE4E29700602A86 /* GoogleService-Info.plist in Resources */,
				002F990F2CE4E1EA00602A86 /* Main.storyboard in Resources */,
			);
			runOnlyForDeploymentPostprocessing = 0;
		};
/* End PBXResourcesBuildPhase section */

/* Begin PBXSourcesBuildPhase section */
		002F99002CE4E1EA00602A86 /* Sources */ = {
			isa = PBXSourcesBuildPhase;
			buildActionMask = 2147483647;
			files = (
				002F99B72CE548EE00602A86 /* Constants.swift in Sources */,
				002F990C2CE4E1EA00602A86 /* HomeViewController.swift in Sources */,
				002F995D2CE4EF0F00602A86 /* RegisterFirebaseManager.swift in Sources */,
				00C7E1692CEE38BA00A44A83 /* ProfileTableViewCell.swift in Sources */,
				002F99A82CE5004500602A86 /* AddNoteViewController.swift in Sources */,
				002F99B92CE5ABD400602A86 /* ProfileScreenView.swift in Sources */,
				002F995B2CE4EECC00602A86 /* RegisterViewController.swift in Sources */,
				002F99612CE4F0D600602A86 /* ProgressIndicatorManager.swift in Sources */,
				002F99082CE4E1EA00602A86 /* AppDelegate.swift in Sources */,
				002F99B52CE53DFC00602A86 /* ViewController.swift in Sources */,
				002F996C2CE4F2C700602A86 /* ProgressSpinnerViewController.swift in Sources */,
				002F99522CE4E4EA00602A86 /* Note.swift in Sources */,
				002F99A62CE5003600602A86 /* ProfileViewController.swift in Sources */,
				002F99592CE4EE4900602A86 /* RegisterScreenView.swift in Sources */,
				002F99AF2CE51A9700602A86 /* FriendScreenView.swift in Sources */,
				002F99562CE4EB5900602A86 /* RightBarButtonManager.swift in Sources */,
				002F994D2CE4E45B00602A86 /* NotesTableViewCell.swift in Sources */,
				002F99B32CE51D5F00602A86 /* FriendTableViewManager.swift in Sources */,
				002F996E2CE4F2E000602A86 /* ProgressSpinnerDelegate.swift in Sources */,
				002F99AC2CE50B0200602A86 /* TabBarManager.swift in Sources */,
				002F99B12CE51B2300602A86 /* FriendTableViewCell.swift in Sources */,
				002F990A2CE4E1EA00602A86 /* SceneDelegate.swift in Sources */,
				002F99542CE4E5E600602A86 /* NotesTableViewManager.swift in Sources */,
				002F99A12CE4F9EE00602A86 /* ManageFriendsViewController.swift in Sources */,
				002F994B2CE4E3F000602A86 /* MainScreenView.swift in Sources */,
				002F994F2CE4E49500602A86 /* Configs.swift in Sources */,
				002F99AA2CE5005600602A86 /* User.swift in Sources */,
			);
			runOnlyForDeploymentPostprocessing = 0;
		};
/* End PBXSourcesBuildPhase section */

/* Begin PBXVariantGroup section */
		002F990D2CE4E1EA00602A86 /* Main.storyboard */ = {
			isa = PBXVariantGroup;
			children = (
				002F990E2CE4E1EA00602A86 /* Base */,
			);
			name = Main.storyboard;
			sourceTree = "<group>";
		};
		002F99122CE4E1EC00602A86 /* LaunchScreen.storyboard */ = {
			isa = PBXVariantGroup;
			children = (
				002F99132CE4E1EC00602A86 /* Base */,
			);
			name = LaunchScreen.storyboard;
			sourceTree = "<group>";
		};
/* End PBXVariantGroup section */

/* Begin XCBuildConfiguration section */
		002F99162CE4E1EC00602A86 /* Debug */ = {
			isa = XCBuildConfiguration;
			buildSettings = {
				ALWAYS_SEARCH_USER_PATHS = NO;
				ASSETCATALOG_COMPILER_GENERATE_SWIFT_ASSET_SYMBOL_EXTENSIONS = YES;
				CLANG_ANALYZER_NONNULL = YES;
				CLANG_ANALYZER_NUMBER_OBJECT_CONVERSION = YES_AGGRESSIVE;
				CLANG_CXX_LANGUAGE_STANDARD = "gnu++20";
				CLANG_ENABLE_MODULES = YES;
				CLANG_ENABLE_OBJC_ARC = YES;
				CLANG_ENABLE_OBJC_WEAK = YES;
				CLANG_WARN_BLOCK_CAPTURE_AUTORELEASING = YES;
				CLANG_WARN_BOOL_CONVERSION = YES;
				CLANG_WARN_COMMA = YES;
				CLANG_WARN_CONSTANT_CONVERSION = YES;
				CLANG_WARN_DEPRECATED_OBJC_IMPLEMENTATIONS = YES;
				CLANG_WARN_DIRECT_OBJC_ISA_USAGE = YES_ERROR;
				CLANG_WARN_DOCUMENTATION_COMMENTS = YES;
				CLANG_WARN_EMPTY_BODY = YES;
				CLANG_WARN_ENUM_CONVERSION = YES;
				CLANG_WARN_INFINITE_RECURSION = YES;
				CLANG_WARN_INT_CONVERSION = YES;
				CLANG_WARN_NON_LITERAL_NULL_CONVERSION = YES;
				CLANG_WARN_OBJC_IMPLICIT_RETAIN_SELF = YES;
				CLANG_WARN_OBJC_LITERAL_CONVERSION = YES;
				CLANG_WARN_OBJC_ROOT_CLASS = YES_ERROR;
				CLANG_WARN_QUOTED_INCLUDE_IN_FRAMEWORK_HEADER = YES;
				CLANG_WARN_RANGE_LOOP_ANALYSIS = YES;
				CLANG_WARN_STRICT_PROTOTYPES = YES;
				CLANG_WARN_SUSPICIOUS_MOVE = YES;
				CLANG_WARN_UNGUARDED_AVAILABILITY = YES_AGGRESSIVE;
				CLANG_WARN_UNREACHABLE_CODE = YES;
				CLANG_WARN__DUPLICATE_METHOD_MATCH = YES;
				COPY_PHASE_STRIP = NO;
				DEBUG_INFORMATION_FORMAT = dwarf;
				ENABLE_STRICT_OBJC_MSGSEND = YES;
				ENABLE_TESTABILITY = YES;
				ENABLE_USER_SCRIPT_SANDBOXING = YES;
				GCC_C_LANGUAGE_STANDARD = gnu17;
				GCC_DYNAMIC_NO_PIC = NO;
				GCC_NO_COMMON_BLOCKS = YES;
				GCC_OPTIMIZATION_LEVEL = 0;
				GCC_PREPROCESSOR_DEFINITIONS = (
					"DEBUG=1",
					"$(inherited)",
				);
				GCC_WARN_64_TO_32_BIT_CONVERSION = YES;
				GCC_WARN_ABOUT_RETURN_TYPE = YES_ERROR;
				GCC_WARN_UNDECLARED_SELECTOR = YES;
				GCC_WARN_UNINITIALIZED_AUTOS = YES_AGGRESSIVE;
				GCC_WARN_UNUSED_FUNCTION = YES;
				GCC_WARN_UNUSED_VARIABLE = YES;
				IPHONEOS_DEPLOYMENT_TARGET = 17.2;
				LOCALIZATION_PREFERS_STRING_CATALOGS = YES;
				MTL_ENABLE_DEBUG_INFO = INCLUDE_SOURCE;
				MTL_FAST_MATH = YES;
				ONLY_ACTIVE_ARCH = YES;
				SDKROOT = iphoneos;
				SWIFT_ACTIVE_COMPILATION_CONDITIONS = "DEBUG $(inherited)";
				SWIFT_OPTIMIZATION_LEVEL = "-Onone";
			};
			name = Debug;
		};
		002F99172CE4E1EC00602A86 /* Release */ = {
			isa = XCBuildConfiguration;
			buildSettings = {
				ALWAYS_SEARCH_USER_PATHS = NO;
				ASSETCATALOG_COMPILER_GENERATE_SWIFT_ASSET_SYMBOL_EXTENSIONS = YES;
				CLANG_ANALYZER_NONNULL = YES;
				CLANG_ANALYZER_NUMBER_OBJECT_CONVERSION = YES_AGGRESSIVE;
				CLANG_CXX_LANGUAGE_STANDARD = "gnu++20";
				CLANG_ENABLE_MODULES = YES;
				CLANG_ENABLE_OBJC_ARC = YES;
				CLANG_ENABLE_OBJC_WEAK = YES;
				CLANG_WARN_BLOCK_CAPTURE_AUTORELEASING = YES;
				CLANG_WARN_BOOL_CONVERSION = YES;
				CLANG_WARN_COMMA = YES;
				CLANG_WARN_CONSTANT_CONVERSION = YES;
				CLANG_WARN_DEPRECATED_OBJC_IMPLEMENTATIONS = YES;
				CLANG_WARN_DIRECT_OBJC_ISA_USAGE = YES_ERROR;
				CLANG_WARN_DOCUMENTATION_COMMENTS = YES;
				CLANG_WARN_EMPTY_BODY = YES;
				CLANG_WARN_ENUM_CONVERSION = YES;
				CLANG_WARN_INFINITE_RECURSION = YES;
				CLANG_WARN_INT_CONVERSION = YES;
				CLANG_WARN_NON_LITERAL_NULL_CONVERSION = YES;
				CLANG_WARN_OBJC_IMPLICIT_RETAIN_SELF = YES;
				CLANG_WARN_OBJC_LITERAL_CONVERSION = YES;
				CLANG_WARN_OBJC_ROOT_CLASS = YES_ERROR;
				CLANG_WARN_QUOTED_INCLUDE_IN_FRAMEWORK_HEADER = YES;
				CLANG_WARN_RANGE_LOOP_ANALYSIS = YES;
				CLANG_WARN_STRICT_PROTOTYPES = YES;
				CLANG_WARN_SUSPICIOUS_MOVE = YES;
				CLANG_WARN_UNGUARDED_AVAILABILITY = YES_AGGRESSIVE;
				CLANG_WARN_UNREACHABLE_CODE = YES;
				CLANG_WARN__DUPLICATE_METHOD_MATCH = YES;
				COPY_PHASE_STRIP = NO;
				DEBUG_INFORMATION_FORMAT = "dwarf-with-dsym";
				ENABLE_NS_ASSERTIONS = NO;
				ENABLE_STRICT_OBJC_MSGSEND = YES;
				ENABLE_USER_SCRIPT_SANDBOXING = YES;
				GCC_C_LANGUAGE_STANDARD = gnu17;
				GCC_NO_COMMON_BLOCKS = YES;
				GCC_WARN_64_TO_32_BIT_CONVERSION = YES;
				GCC_WARN_ABOUT_RETURN_TYPE = YES_ERROR;
				GCC_WARN_UNDECLARED_SELECTOR = YES;
				GCC_WARN_UNINITIALIZED_AUTOS = YES_AGGRESSIVE;
				GCC_WARN_UNUSED_FUNCTION = YES;
				GCC_WARN_UNUSED_VARIABLE = YES;
				IPHONEOS_DEPLOYMENT_TARGET = 17.2;
				LOCALIZATION_PREFERS_STRING_CATALOGS = YES;
				MTL_ENABLE_DEBUG_INFO = NO;
				MTL_FAST_MATH = YES;
				SDKROOT = iphoneos;
				SWIFT_COMPILATION_MODE = wholemodule;
				VALIDATE_PRODUCT = YES;
			};
			name = Release;
		};
		002F99192CE4E1EC00602A86 /* Debug */ = {
			isa = XCBuildConfiguration;
			buildSettings = {
				ASSETCATALOG_COMPILER_APPICON_NAME = AppIcon;
				ASSETCATALOG_COMPILER_GLOBAL_ACCENT_COLOR_NAME = AccentColor;
				CODE_SIGN_STYLE = Automatic;
				CURRENT_PROJECT_VERSION = 1;
				GENERATE_INFOPLIST_FILE = YES;
				INFOPLIST_FILE = BeNote/Info.plist;
				INFOPLIST_KEY_UIApplicationSupportsIndirectInputEvents = YES;
				INFOPLIST_KEY_UILaunchStoryboardName = LaunchScreen;
				INFOPLIST_KEY_UIMainStoryboardFile = Main;
				INFOPLIST_KEY_UISupportedInterfaceOrientations_iPad = "UIInterfaceOrientationPortrait UIInterfaceOrientationPortraitUpsideDown UIInterfaceOrientationLandscapeLeft UIInterfaceOrientationLandscapeRight";
				INFOPLIST_KEY_UISupportedInterfaceOrientations_iPhone = "UIInterfaceOrientationPortrait UIInterfaceOrientationLandscapeLeft UIInterfaceOrientationLandscapeRight";
				LD_RUNPATH_SEARCH_PATHS = (
					"$(inherited)",
					"@executable_path/Frameworks",
				);
				MARKETING_VERSION = 1.0;
				PRODUCT_BUNDLE_IDENTIFIER = com.nuios.BeNote;
				PRODUCT_NAME = "$(TARGET_NAME)";
				SWIFT_EMIT_LOC_STRINGS = YES;
				SWIFT_VERSION = 5.0;
				TARGETED_DEVICE_FAMILY = "1,2";
			};
			name = Debug;
		};
		002F991A2CE4E1EC00602A86 /* Release */ = {
			isa = XCBuildConfiguration;
			buildSettings = {
				ASSETCATALOG_COMPILER_APPICON_NAME = AppIcon;
				ASSETCATALOG_COMPILER_GLOBAL_ACCENT_COLOR_NAME = AccentColor;
				CODE_SIGN_STYLE = Automatic;
				CURRENT_PROJECT_VERSION = 1;
				GENERATE_INFOPLIST_FILE = YES;
				INFOPLIST_FILE = BeNote/Info.plist;
				INFOPLIST_KEY_UIApplicationSupportsIndirectInputEvents = YES;
				INFOPLIST_KEY_UILaunchStoryboardName = LaunchScreen;
				INFOPLIST_KEY_UIMainStoryboardFile = Main;
				INFOPLIST_KEY_UISupportedInterfaceOrientations_iPad = "UIInterfaceOrientationPortrait UIInterfaceOrientationPortraitUpsideDown UIInterfaceOrientationLandscapeLeft UIInterfaceOrientationLandscapeRight";
				INFOPLIST_KEY_UISupportedInterfaceOrientations_iPhone = "UIInterfaceOrientationPortrait UIInterfaceOrientationLandscapeLeft UIInterfaceOrientationLandscapeRight";
				LD_RUNPATH_SEARCH_PATHS = (
					"$(inherited)",
					"@executable_path/Frameworks",
				);
				MARKETING_VERSION = 1.0;
				PRODUCT_BUNDLE_IDENTIFIER = com.nuios.BeNote;
				PRODUCT_NAME = "$(TARGET_NAME)";
				SWIFT_EMIT_LOC_STRINGS = YES;
				SWIFT_VERSION = 5.0;
				TARGETED_DEVICE_FAMILY = "1,2";
			};
			name = Release;
		};
/* End XCBuildConfiguration section */

/* Begin XCConfigurationList section */
		002F98FF2CE4E1EA00602A86 /* Build configuration list for PBXProject "BeNote" */ = {
			isa = XCConfigurationList;
			buildConfigurations = (
				002F99162CE4E1EC00602A86 /* Debug */,
				002F99172CE4E1EC00602A86 /* Release */,
			);
			defaultConfigurationIsVisible = 0;
			defaultConfigurationName = Release;
		};
		002F99182CE4E1EC00602A86 /* Build configuration list for PBXNativeTarget "BeNote" */ = {
			isa = XCConfigurationList;
			buildConfigurations = (
				002F99192CE4E1EC00602A86 /* Debug */,
				002F991A2CE4E1EC00602A86 /* Release */,
			);
			defaultConfigurationIsVisible = 0;
			defaultConfigurationName = Release;
		};
/* End XCConfigurationList section */

/* Begin XCRemoteSwiftPackageReference section */
		002F991E2CE4E35C00602A86 /* XCRemoteSwiftPackageReference "firebase-ios-sdk" */ = {
			isa = XCRemoteSwiftPackageReference;
			repositoryURL = "https://github.com/firebase/firebase-ios-sdk";
			requirement = {
				kind = upToNextMajorVersion;
				minimumVersion = 11.5.0;
			};
		};
/* End XCRemoteSwiftPackageReference section */

/* Begin XCSwiftPackageProductDependency section */
		002F991F2CE4E35C00602A86 /* FirebaseAnalytics */ = {
			isa = XCSwiftPackageProductDependency;
			package = 002F991E2CE4E35C00602A86 /* XCRemoteSwiftPackageReference "firebase-ios-sdk" */;
			productName = FirebaseAnalytics;
		};
		002F99212CE4E35C00602A86 /* FirebaseAnalyticsOnDeviceConversion */ = {
			isa = XCSwiftPackageProductDependency;
			package = 002F991E2CE4E35C00602A86 /* XCRemoteSwiftPackageReference "firebase-ios-sdk" */;
			productName = FirebaseAnalyticsOnDeviceConversion;
		};
		002F99232CE4E35C00602A86 /* FirebaseAnalyticsWithoutAdIdSupport */ = {
			isa = XCSwiftPackageProductDependency;
			package = 002F991E2CE4E35C00602A86 /* XCRemoteSwiftPackageReference "firebase-ios-sdk" */;
			productName = FirebaseAnalyticsWithoutAdIdSupport;
		};
		002F99252CE4E35C00602A86 /* FirebaseAppCheck */ = {
			isa = XCSwiftPackageProductDependency;
			package = 002F991E2CE4E35C00602A86 /* XCRemoteSwiftPackageReference "firebase-ios-sdk" */;
			productName = FirebaseAppCheck;
		};
		002F99272CE4E35C00602A86 /* FirebaseAppDistribution-Beta */ = {
			isa = XCSwiftPackageProductDependency;
			package = 002F991E2CE4E35C00602A86 /* XCRemoteSwiftPackageReference "firebase-ios-sdk" */;
			productName = "FirebaseAppDistribution-Beta";
		};
		002F99292CE4E35C00602A86 /* FirebaseAuth */ = {
			isa = XCSwiftPackageProductDependency;
			package = 002F991E2CE4E35C00602A86 /* XCRemoteSwiftPackageReference "firebase-ios-sdk" */;
			productName = FirebaseAuth;
		};
		002F992B2CE4E35C00602A86 /* FirebaseAuthCombine-Community */ = {
			isa = XCSwiftPackageProductDependency;
			package = 002F991E2CE4E35C00602A86 /* XCRemoteSwiftPackageReference "firebase-ios-sdk" */;
			productName = "FirebaseAuthCombine-Community";
		};
		002F992D2CE4E35C00602A86 /* FirebaseCore */ = {
			isa = XCSwiftPackageProductDependency;
			package = 002F991E2CE4E35C00602A86 /* XCRemoteSwiftPackageReference "firebase-ios-sdk" */;
			productName = FirebaseCore;
		};
		002F992F2CE4E35C00602A86 /* FirebaseCrashlytics */ = {
			isa = XCSwiftPackageProductDependency;
			package = 002F991E2CE4E35C00602A86 /* XCRemoteSwiftPackageReference "firebase-ios-sdk" */;
			productName = FirebaseCrashlytics;
		};
		002F99312CE4E35C00602A86 /* FirebaseDatabase */ = {
			isa = XCSwiftPackageProductDependency;
			package = 002F991E2CE4E35C00602A86 /* XCRemoteSwiftPackageReference "firebase-ios-sdk" */;
			productName = FirebaseDatabase;
		};
		002F99332CE4E35C00602A86 /* FirebaseDynamicLinks */ = {
			isa = XCSwiftPackageProductDependency;
			package = 002F991E2CE4E35C00602A86 /* XCRemoteSwiftPackageReference "firebase-ios-sdk" */;
			productName = FirebaseDynamicLinks;
		};
		002F99352CE4E35C00602A86 /* FirebaseFunctionsCombine-Community */ = {
			isa = XCSwiftPackageProductDependency;
			package = 002F991E2CE4E35C00602A86 /* XCRemoteSwiftPackageReference "firebase-ios-sdk" */;
			productName = "FirebaseFunctionsCombine-Community";
		};
		002F99372CE4E35C00602A86 /* FirebaseInAppMessaging-Beta */ = {
			isa = XCSwiftPackageProductDependency;
			package = 002F991E2CE4E35C00602A86 /* XCRemoteSwiftPackageReference "firebase-ios-sdk" */;
			productName = "FirebaseInAppMessaging-Beta";
		};
		002F99392CE4E35C00602A86 /* FirebaseInstallations */ = {
			isa = XCSwiftPackageProductDependency;
			package = 002F991E2CE4E35C00602A86 /* XCRemoteSwiftPackageReference "firebase-ios-sdk" */;
			productName = FirebaseInstallations;
		};
		002F993B2CE4E35C00602A86 /* FirebaseMLModelDownloader */ = {
			isa = XCSwiftPackageProductDependency;
			package = 002F991E2CE4E35C00602A86 /* XCRemoteSwiftPackageReference "firebase-ios-sdk" */;
			productName = FirebaseMLModelDownloader;
		};
		002F993D2CE4E35C00602A86 /* FirebaseMessaging */ = {
			isa = XCSwiftPackageProductDependency;
			package = 002F991E2CE4E35C00602A86 /* XCRemoteSwiftPackageReference "firebase-ios-sdk" */;
			productName = FirebaseMessaging;
		};
		002F993F2CE4E35C00602A86 /* FirebasePerformance */ = {
			isa = XCSwiftPackageProductDependency;
			package = 002F991E2CE4E35C00602A86 /* XCRemoteSwiftPackageReference "firebase-ios-sdk" */;
			productName = FirebasePerformance;
		};
		002F99412CE4E35C00602A86 /* FirebaseRemoteConfig */ = {
			isa = XCSwiftPackageProductDependency;
			package = 002F991E2CE4E35C00602A86 /* XCRemoteSwiftPackageReference "firebase-ios-sdk" */;
			productName = FirebaseRemoteConfig;
		};
		002F99432CE4E35C00602A86 /* FirebaseStorage */ = {
			isa = XCSwiftPackageProductDependency;
			package = 002F991E2CE4E35C00602A86 /* XCRemoteSwiftPackageReference "firebase-ios-sdk" */;
			productName = FirebaseStorage;
		};
		002F99452CE4E35C00602A86 /* FirebaseStorageCombine-Community */ = {
			isa = XCSwiftPackageProductDependency;
			package = 002F991E2CE4E35C00602A86 /* XCRemoteSwiftPackageReference "firebase-ios-sdk" */;
			productName = "FirebaseStorageCombine-Community";
		};
		002F99472CE4E35C00602A86 /* FirebaseVertexAI */ = {
			isa = XCSwiftPackageProductDependency;
			package = 002F991E2CE4E35C00602A86 /* XCRemoteSwiftPackageReference "firebase-ios-sdk" */;
			productName = FirebaseVertexAI;
		};
		002F996F2CE4F48F00602A86 /* FirebaseAnalytics */ = {
			isa = XCSwiftPackageProductDependency;
			package = 002F991E2CE4E35C00602A86 /* XCRemoteSwiftPackageReference "firebase-ios-sdk" */;
			productName = FirebaseAnalytics;
		};
		002F99712CE4F48F00602A86 /* FirebaseAnalyticsOnDeviceConversion */ = {
			isa = XCSwiftPackageProductDependency;
			package = 002F991E2CE4E35C00602A86 /* XCRemoteSwiftPackageReference "firebase-ios-sdk" */;
			productName = FirebaseAnalyticsOnDeviceConversion;
		};
		002F99732CE4F48F00602A86 /* FirebaseAnalyticsWithoutAdIdSupport */ = {
			isa = XCSwiftPackageProductDependency;
			package = 002F991E2CE4E35C00602A86 /* XCRemoteSwiftPackageReference "firebase-ios-sdk" */;
			productName = FirebaseAnalyticsWithoutAdIdSupport;
		};
		002F99752CE4F48F00602A86 /* FirebaseAppCheck */ = {
			isa = XCSwiftPackageProductDependency;
			package = 002F991E2CE4E35C00602A86 /* XCRemoteSwiftPackageReference "firebase-ios-sdk" */;
			productName = FirebaseAppCheck;
		};
		002F99772CE4F48F00602A86 /* FirebaseAppDistribution-Beta */ = {
			isa = XCSwiftPackageProductDependency;
			package = 002F991E2CE4E35C00602A86 /* XCRemoteSwiftPackageReference "firebase-ios-sdk" */;
			productName = "FirebaseAppDistribution-Beta";
		};
		002F99792CE4F48F00602A86 /* FirebaseAuth */ = {
			isa = XCSwiftPackageProductDependency;
			package = 002F991E2CE4E35C00602A86 /* XCRemoteSwiftPackageReference "firebase-ios-sdk" */;
			productName = FirebaseAuth;
		};
		002F997B2CE4F48F00602A86 /* FirebaseAuthCombine-Community */ = {
			isa = XCSwiftPackageProductDependency;
			package = 002F991E2CE4E35C00602A86 /* XCRemoteSwiftPackageReference "firebase-ios-sdk" */;
			productName = "FirebaseAuthCombine-Community";
		};
		002F997D2CE4F48F00602A86 /* FirebaseCore */ = {
			isa = XCSwiftPackageProductDependency;
			package = 002F991E2CE4E35C00602A86 /* XCRemoteSwiftPackageReference "firebase-ios-sdk" */;
			productName = FirebaseCore;
		};
		002F997F2CE4F48F00602A86 /* FirebaseCrashlytics */ = {
			isa = XCSwiftPackageProductDependency;
			package = 002F991E2CE4E35C00602A86 /* XCRemoteSwiftPackageReference "firebase-ios-sdk" */;
			productName = FirebaseCrashlytics;
		};
		002F99812CE4F48F00602A86 /* FirebaseDatabase */ = {
			isa = XCSwiftPackageProductDependency;
			package = 002F991E2CE4E35C00602A86 /* XCRemoteSwiftPackageReference "firebase-ios-sdk" */;
			productName = FirebaseDatabase;
		};
		002F99832CE4F48F00602A86 /* FirebaseDynamicLinks */ = {
			isa = XCSwiftPackageProductDependency;
			package = 002F991E2CE4E35C00602A86 /* XCRemoteSwiftPackageReference "firebase-ios-sdk" */;
			productName = FirebaseDynamicLinks;
		};
		002F99852CE4F48F00602A86 /* FirebaseFirestore */ = {
			isa = XCSwiftPackageProductDependency;
			package = 002F991E2CE4E35C00602A86 /* XCRemoteSwiftPackageReference "firebase-ios-sdk" */;
			productName = FirebaseFirestore;
		};
		002F99872CE4F48F00602A86 /* FirebaseFirestoreCombine-Community */ = {
			isa = XCSwiftPackageProductDependency;
			package = 002F991E2CE4E35C00602A86 /* XCRemoteSwiftPackageReference "firebase-ios-sdk" */;
			productName = "FirebaseFirestoreCombine-Community";
		};
		002F99892CE4F48F00602A86 /* FirebaseFunctions */ = {
			isa = XCSwiftPackageProductDependency;
			package = 002F991E2CE4E35C00602A86 /* XCRemoteSwiftPackageReference "firebase-ios-sdk" */;
			productName = FirebaseFunctions;
		};
		002F998B2CE4F48F00602A86 /* FirebaseFunctionsCombine-Community */ = {
			isa = XCSwiftPackageProductDependency;
			package = 002F991E2CE4E35C00602A86 /* XCRemoteSwiftPackageReference "firebase-ios-sdk" */;
			productName = "FirebaseFunctionsCombine-Community";
		};
		002F998D2CE4F48F00602A86 /* FirebaseInAppMessaging-Beta */ = {
			isa = XCSwiftPackageProductDependency;
			package = 002F991E2CE4E35C00602A86 /* XCRemoteSwiftPackageReference "firebase-ios-sdk" */;
			productName = "FirebaseInAppMessaging-Beta";
		};
		002F998F2CE4F48F00602A86 /* FirebaseInstallations */ = {
			isa = XCSwiftPackageProductDependency;
			package = 002F991E2CE4E35C00602A86 /* XCRemoteSwiftPackageReference "firebase-ios-sdk" */;
			productName = FirebaseInstallations;
		};
		002F99912CE4F48F00602A86 /* FirebaseMLModelDownloader */ = {
			isa = XCSwiftPackageProductDependency;
			package = 002F991E2CE4E35C00602A86 /* XCRemoteSwiftPackageReference "firebase-ios-sdk" */;
			productName = FirebaseMLModelDownloader;
		};
		002F99932CE4F48F00602A86 /* FirebaseMessaging */ = {
			isa = XCSwiftPackageProductDependency;
			package = 002F991E2CE4E35C00602A86 /* XCRemoteSwiftPackageReference "firebase-ios-sdk" */;
			productName = FirebaseMessaging;
		};
		002F99952CE4F48F00602A86 /* FirebasePerformance */ = {
			isa = XCSwiftPackageProductDependency;
			package = 002F991E2CE4E35C00602A86 /* XCRemoteSwiftPackageReference "firebase-ios-sdk" */;
			productName = FirebasePerformance;
		};
		002F99972CE4F48F00602A86 /* FirebaseRemoteConfig */ = {
			isa = XCSwiftPackageProductDependency;
			package = 002F991E2CE4E35C00602A86 /* XCRemoteSwiftPackageReference "firebase-ios-sdk" */;
			productName = FirebaseRemoteConfig;
		};
		002F99992CE4F49000602A86 /* FirebaseStorage */ = {
			isa = XCSwiftPackageProductDependency;
			package = 002F991E2CE4E35C00602A86 /* XCRemoteSwiftPackageReference "firebase-ios-sdk" */;
			productName = FirebaseStorage;
		};
		002F999B2CE4F49000602A86 /* FirebaseStorageCombine-Community */ = {
			isa = XCSwiftPackageProductDependency;
			package = 002F991E2CE4E35C00602A86 /* XCRemoteSwiftPackageReference "firebase-ios-sdk" */;
			productName = "FirebaseStorageCombine-Community";
		};
		002F999D2CE4F49000602A86 /* FirebaseVertexAI */ = {
			isa = XCSwiftPackageProductDependency;
			package = 002F991E2CE4E35C00602A86 /* XCRemoteSwiftPackageReference "firebase-ios-sdk" */;
			productName = FirebaseVertexAI;
		};
/* End XCSwiftPackageProductDependency section */
	};
	rootObject = 002F98FC2CE4E1EA00602A86 /* Project object */;
}
